{
  "name": "web",
  "version": "0.0.1",
  "lockfileVersion": 1,
  "requires": true,
  "dependencies": {
    "@4keys/svg.draggable.js": {
      "version": "2.2.2",
      "resolved": "https://registry.npmjs.org/@4keys/svg.draggable.js/-/svg.draggable.js-2.2.2.tgz",
      "integrity": "sha512-KpaIgn6UwqmJ0tpMb7JMYoVdZ9s9DrFE814izCHObGMKwOAj+TpAskaQ5g+uwTi7QaaKa2MnFeJjfFfUY+ATng==",
      "requires": {
        "svg.js": "^2.0.1"
      }
    },
    "@angular/cdk": {
      "version": "7.3.7",
      "resolved": "http://registry.npm.taobao.org/@angular/cdk/download/@angular/cdk-7.3.7.tgz",
      "integrity": "sha1-zhrVO6BL65yOlQrMVpHqAUN1N2Q=",
      "requires": {
        "parse5": "^5.0.0",
        "tslib": "^1.7.1"
      }
    },
    "@ant-design/icons-angular": {
      "version": "2.0.4",
      "resolved": "https://registry.npm.taobao.org/@ant-design/icons-angular/download/@ant-design/icons-angular-2.0.4.tgz",
      "integrity": "sha1-KqcvZfmwIHNNyPNjzoAcOa0Osxc=",
      "requires": {
        "ant-design-palettes": "^1.1.3",
        "tslib": "^1.9.0"
      }
    },
    "ant-design-palettes": {
      "version": "1.1.3",
      "resolved": "https://registry.npm.taobao.org/ant-design-palettes/download/ant-design-palettes-1.1.3.tgz",
      "integrity": "sha1-hBGbGk2GNjrcUqONWH5lM2oKJ90=",
      "requires": {
        "tinycolor2": "^1.4.1"
      }
    },
    "date-fns": {
      "version": "1.30.1",
      "resolved": "http://registry.npm.taobao.org/date-fns/download/date-fns-1.30.1.tgz",
      "integrity": "sha1-LnG/CxGRU9u0zE6I2epaz7UNwFw="
    },
    "ng-zorro-antd": {
      "version": "7.3.3",
      "resolved": "https://registry.npm.taobao.org/ng-zorro-antd/download/ng-zorro-antd-7.3.3.tgz",
      "integrity": "sha1-Tnmmw2Mu/DhqPPlQBhk2WALmSHk=",
      "requires": {
        "@angular/cdk": "^7.0.0",
        "@ant-design/icons-angular": "^2.0.2",
        "date-fns": "^1.29.0",
        "tslib": "^1.9.0"
      }
    },
    "ngx-color-picker": {
      "version": "7.5.0",
      "resolved": "https://registry.npmjs.org/ngx-color-picker/-/ngx-color-picker-7.5.0.tgz",
      "integrity": "sha512-bTW16A3IitWUNGc3kZtE+N1r3FpmUj7uJTG80eym2nQLvsROkMntalKJDo1SQVQhh9Nh4N9C88UezdMg8fjR5Q=="
    },
    "parse5": {
      "version": "5.1.0",
      "resolved": "http://registry.npm.taobao.org/parse5/download/parse5-5.1.0.tgz",
      "integrity": "sha1-xZNByXI/QUxFKXVWTHwApo1YrNI=",
      "optional": true
    },
    "screenfull": {
      "version": "4.2.0",
      "resolved": "https://registry.npm.taobao.org/screenfull/download/screenfull-4.2.0.tgz",
      "integrity": "sha1-1SUqWg9WUEcZq77Z67zZIIEV2gM="
    },
    "svg.js": {
      "version": "2.7.1",
      "resolved": "https://registry.npmjs.org/svg.js/-/svg.js-2.7.1.tgz",
      "integrity": "sha512-ycbxpizEQktk3FYvn/8BH+6/EuWXg7ZpQREJvgacqn46gIddG24tNNe4Son6omdXCnSOaApnpZw6MPCBA1dODA=="
    },
    "svg.select.js": {
      "version": "3.0.1",
      "resolved": "https://registry.npmjs.org/svg.select.js/-/svg.select.js-3.0.1.tgz",
      "integrity": "sha512-h5IS/hKkuVCbKSieR9uQCj9w+zLHoPh+ce19bBYyqF53g6mnPB8sAtIbe1s9dh2S2fCmYX2xel1Ln3PJBbK4kw==",
      "requires": {
        "svg.js": "^2.6.5"
      }
    },
    "tinycolor2": {
      "version": "1.4.1",
      "resolved": "http://registry.npm.taobao.org/tinycolor2/download/tinycolor2-1.4.1.tgz",
      "integrity": "sha1-9PrTM0R7wLB9TcjpIJ2POaisd+g="
    },
    "tslib": {
      "version": "1.9.3",
      "resolved": "http://registry.npm.taobao.org/tslib/download/tslib-1.9.3.tgz",
      "integrity": "sha1-1+TdeSRdhUKMTX5IIqeZF5VMooY="
    }
  }
}
